
Microsoft Visual Studio Solution File, Format Version 9.00
# Visual Studio 2005
Project("{8BC9CEB8-8B4A-11D0-8D11-00A0C91BC942}") = "freepy", "freepy.vcproj", "{90843A74-BB97-4980-83C6-D8166F4D98F4}"
EndProject
Global
	GlobalSection(SolutionConfigurationPlatforms) = preSolution
		Debug|Win32 = Debug|Win32
		Release|Win32 = Release|Win32
	EndGlobalSection
	GlobalSection(ProjectConfigurationPlatforms) = postSolution
		{90843A74-BB97-4980-83C6-D8166F4D98F4}.Debug|Win32.ActiveCfg = Debug|Win32
		{90843A74-BB97-4980-83C6-D8166F4D98F4}.Debug|Win32.Build.0 = Debug|Win32
		{90843A74-BB97-4980-83C6-D8166F4D98F4}.Release|Win32.ActiveCfg = Release|Win32
		{90843A74-BB97-4980-83C6-D8166F4D98F4}.Release|Win32.Build.0 = Release|Win32
	EndGlobalSection
	GlobalSection(SolutionProperties) = preSolution
		HideSolutionNode = FALSE
	EndGlobalSection
EndGlobal
