
Microsoft Visual Studio Solution File, Format Version 9.00
# Visual Studio 2005
Project("{8BC9CEB8-8B4A-11D0-8D11-00A0C91BC942}") = "Office 2007 (obsidian)", "style.vcproj", "{586B9273-BD5B-4CF8-9597-45FD9F32624A}"
EndProject
Global
	GlobalSection(SolutionConfigurationPlatforms) = preSolution
		Debug|Win32 = Debug|Win32
		Debug|x64 = Debug|x64
		Release|Win32 = Release|Win32
		Release|x64 = Release|x64
	EndGlobalSection
	GlobalSection(ProjectConfigurationPlatforms) = postSolution
		{586B9273-BD5B-4CF8-9597-45FD9F32624A}.Debug|Win32.ActiveCfg = Debug|Win32
		{586B9273-BD5B-4CF8-9597-45FD9F32624A}.Debug|Win32.Build.0 = Debug|Win32
		{586B9273-BD5B-4CF8-9597-45FD9F32624A}.Debug|x64.ActiveCfg = Debug|x64
		{586B9273-BD5B-4CF8-9597-45FD9F32624A}.Debug|x64.Build.0 = Debug|x64
		{586B9273-BD5B-4CF8-9597-45FD9F32624A}.Release|Win32.ActiveCfg = Release|Win32
		{586B9273-BD5B-4CF8-9597-45FD9F32624A}.Release|Win32.Build.0 = Release|Win32
		{586B9273-BD5B-4CF8-9597-45FD9F32624A}.Release|x64.ActiveCfg = Release|x64
		{586B9273-BD5B-4CF8-9597-45FD9F32624A}.Release|x64.Build.0 = Release|x64
	EndGlobalSection
	GlobalSection(SolutionProperties) = preSolution
		HideSolutionNode = FALSE
	EndGlobalSection
EndGlobal
