Microsoft Visual Studio Solution File, Format Version 9.00
# Visual Studio 2005
Project("{8BC9CEB8-8B4A-11D0-8D11-00A0C91BC942}") = "BCGPControls", "BCGPControls.vcproj", "{FA5E5732-8164-4C3E-87AF-EA87878C590D}"
EndProject
Global
	GlobalSection(SolutionConfigurationPlatforms) = preSolution
		Debug|Win32 = Debug|Win32
		Debug|x64 = Debug|x64
		Release|Win32 = Release|Win32
		Release|x64 = Release|x64
	EndGlobalSection
	GlobalSection(ProjectConfigurationPlatforms) = postSolution
		{FA5E5732-8164-4C3E-87AF-EA87878C590D}.Debug|Win32.ActiveCfg = Debug|Win32
		{FA5E5732-8164-4C3E-87AF-EA87878C590D}.Debug|Win32.Build.0 = Debug|Win32
		{FA5E5732-8164-4C3E-87AF-EA87878C590D}.Debug|x64.ActiveCfg = Debug|x64
		{FA5E5732-8164-4C3E-87AF-EA87878C590D}.Debug|x64.Build.0 = Debug|x64
		{FA5E5732-8164-4C3E-87AF-EA87878C590D}.Release|Win32.ActiveCfg = Release|Win32
		{FA5E5732-8164-4C3E-87AF-EA87878C590D}.Release|Win32.Build.0 = Release|Win32
		{FA5E5732-8164-4C3E-87AF-EA87878C590D}.Release|x64.ActiveCfg = Release|x64
		{FA5E5732-8164-4C3E-87AF-EA87878C590D}.Release|x64.Build.0 = Release|x64
	EndGlobalSection
	GlobalSection(SolutionProperties) = preSolution
		HideSolutionNode = FALSE
	EndGlobalSection
EndGlobal
