
Microsoft Visual Studio Solution File, Format Version 9.00
# Visual Studio 2005
Project("{8BC9CEB8-8B4A-11D0-8D11-00A0C91BC942}") = "BCGCBDotNetExample", "BCGCBDotNetExample.vcproj", "{C2896DD3-D30D-4FE9-A694-652D6F449274}"
EndProject
Global
	GlobalSection(SolutionConfigurationPlatforms) = preSolution
		Debug|Win32 = Debug|Win32
		Release|Win32 = Release|Win32
	EndGlobalSection
	GlobalSection(ProjectConfigurationPlatforms) = postSolution
		{C2896DD3-D30D-4FE9-A694-652D6F449274}.Debug|Win32.ActiveCfg = Debug|Win32
		{C2896DD3-D30D-4FE9-A694-652D6F449274}.Debug|Win32.Build.0 = Debug|Win32
		{C2896DD3-D30D-4FE9-A694-652D6F449274}.Release|Win32.ActiveCfg = Release|Win32
		{C2896DD3-D30D-4FE9-A694-652D6F449274}.Release|Win32.Build.0 = Release|Win32
	EndGlobalSection
	GlobalSection(SolutionProperties) = preSolution
		HideSolutionNode = FALSE
	EndGlobalSection
EndGlobal
