
Microsoft Visual Studio Solution File, Format Version 9.00
# Visual Studio 2005
Project("{8BC9CEB8-8B4A-11D0-8D11-00A0C91BC942}") = "ActiveAccessibilityDemo", "..\ActiveAccessibilityDemo\ActiveAccessibilityDemo.vcproj", "{79A553AC-50C1-4208-8FD4-A5B789936DA8}"
EndProject
Project("{8BC9CEB8-8B4A-11D0-8D11-00A0C91BC942}") = "BCGPExplorer", "..\BCGPExplorer\BCGPExplorer.vcproj", "{13E57A12-A533-4F1D-86C9-9870C789BE39}"
EndProject
Project("{8BC9CEB8-8B4A-11D0-8D11-00A0C91BC942}") = "ColorThemeToolbar", "..\ColorThemeToolbar\ColorThemeToolbar.vcproj", "{C84A093D-CE21-4BE0-962A-2674B8F2AE9E}"
EndProject
Project("{8BC9CEB8-8B4A-11D0-8D11-00A0C91BC942}") = "CustomPages", "..\CustomPages\CustomPages.vcproj", "{099CE838-E266-4443-A3CB-91899C9FAC62}"
EndProject
Project("{8BC9CEB8-8B4A-11D0-8D11-00A0C91BC942}") = "DlgBars", "..\DlgBars\DlgBars.vcproj", "{54AE47DE-4EC3-4B0F-839C-8D965CCE47F9}"
EndProject
Project("{8BC9CEB8-8B4A-11D0-8D11-00A0C91BC942}") = "DockingControls", "..\DockingControls\DockingControls.vcproj", "{A47DCE81-EC12-4EA3-8A29-43A115848DA9}"
EndProject
Project("{8BC9CEB8-8B4A-11D0-8D11-00A0C91BC942}") = "DockingView", "..\DockingView\DockingView.vcproj", "{C3CB5F81-2A65-4CCC-9C8B-8FF13D17D1F6}"
EndProject
Project("{8BC9CEB8-8B4A-11D0-8D11-00A0C91BC942}") = "DrawEffects", "..\DrawEffects\DrawEffects.vcproj", "{534DCA9D-2C92-4BD4-892A-A9862AABCDD0}"
EndProject
Project("{8BC9CEB8-8B4A-11D0-8D11-00A0C91BC942}") = "DynamicMenu", "..\DynamicMenu\DynamicMenu.vcproj", "{935A68BE-7042-4A94-94F8-3C3C05C2B48F}"
EndProject
Project("{8BC9CEB8-8B4A-11D0-8D11-00A0C91BC942}") = "FileDialogDemo", "..\FileDialogDemo\FileDialogDemo.vcproj", "{A0EFDFFE-A328-4E15-9CDB-78D34A9F1E9F}"
EndProject
Project("{8BC9CEB8-8B4A-11D0-8D11-00A0C91BC942}") = "ListCtrlDemo", "..\ListCtrlDemo\ListCtrlDemo.vcproj", "{CF5DD0A8-A035-4ED3-80D2-D3AF0D0EB252}"
EndProject
Project("{8BC9CEB8-8B4A-11D0-8D11-00A0C91BC942}") = "MDIBars", "..\MDIBars\MDIBars.vcproj", "{A2BD8676-1E92-49C0-9DE5-9CF8DB93360A}"
EndProject
Project("{8BC9CEB8-8B4A-11D0-8D11-00A0C91BC942}") = "MDICustomBackground", "..\MDICustomBackground\MDICustomBackground.vcproj", "{3563889E-3B02-4E4B-9B92-39444D294C3C}"
EndProject
Project("{8BC9CEB8-8B4A-11D0-8D11-00A0C91BC942}") = "MDITabsDemo", "..\MDITabsDemo\MDITabsDemo.vcproj", "{22318805-4E74-4658-90F0-3B03B1D9D855}"
EndProject
Project("{8BC9CEB8-8B4A-11D0-8D11-00A0C91BC942}") = "MakeSamples", "MakeSamples.vcproj", "{35CDE7BC-959E-4015-AE90-48AC6C44931A}"
	ProjectSection(ProjectDependencies) = postProject
		{3563889E-3B02-4E4B-9B92-39444D294C3C} = {3563889E-3B02-4E4B-9B92-39444D294C3C}
		{A3F84F9E-D72D-45B5-A5B7-764F71036109} = {A3F84F9E-D72D-45B5-A5B7-764F71036109}
		{83C47F51-0A45-488E-88F5-65D1937FE772} = {83C47F51-0A45-488E-88F5-65D1937FE772}
		{A2BD8676-1E92-49C0-9DE5-9CF8DB93360A} = {A2BD8676-1E92-49C0-9DE5-9CF8DB93360A}
		{FF7A5EDB-1B8F-45FF-8BA4-E33ACDE446EA} = {FF7A5EDB-1B8F-45FF-8BA4-E33ACDE446EA}
		{2BDF43B9-5D59-4630-B07B-4DF615560C71} = {2BDF43B9-5D59-4630-B07B-4DF615560C71}
		{A0EFDFFE-A328-4E15-9CDB-78D34A9F1E9F} = {A0EFDFFE-A328-4E15-9CDB-78D34A9F1E9F}
		{C3CB5F81-2A65-4CCC-9C8B-8FF13D17D1F6} = {C3CB5F81-2A65-4CCC-9C8B-8FF13D17D1F6}
		{9E904758-9176-42C5-AA9F-01CB903E23FE} = {9E904758-9176-42C5-AA9F-01CB903E23FE}
		{0663C99E-6199-464E-BAFC-626D22EF027C} = {0663C99E-6199-464E-BAFC-626D22EF027C}
		{79A553AC-50C1-4208-8FD4-A5B789936DA8} = {79A553AC-50C1-4208-8FD4-A5B789936DA8}
		{3037585E-E983-4B37-A9D7-47D0EBF57DCF} = {3037585E-E983-4B37-A9D7-47D0EBF57DCF}
		{22318805-4E74-4658-90F0-3B03B1D9D855} = {22318805-4E74-4658-90F0-3B03B1D9D855}
		{C7350B47-73F5-49F5-B43B-0333E9D44D6C} = {C7350B47-73F5-49F5-B43B-0333E9D44D6C}
		{5C6E76E6-26DD-4D6E-A4B2-365DB07CB668} = {5C6E76E6-26DD-4D6E-A4B2-365DB07CB668}
		{5F3FCF09-F833-4AF7-9A9B-D90F85E89CC7} = {5F3FCF09-F833-4AF7-9A9B-D90F85E89CC7}
		{C84A093D-CE21-4BE0-962A-2674B8F2AE9E} = {C84A093D-CE21-4BE0-962A-2674B8F2AE9E}
		{B259618E-A44B-4EBD-86BB-4338182786FB} = {B259618E-A44B-4EBD-86BB-4338182786FB}
		{2CA41BD5-0344-4492-BB00-CF3335804E71} = {2CA41BD5-0344-4492-BB00-CF3335804E71}
		{697FCE87-5018-41E1-BB20-3AF7C51CCC32} = {697FCE87-5018-41E1-BB20-3AF7C51CCC32}
		{DC8F4072-97AB-4084-AF09-30A70A750A74} = {DC8F4072-97AB-4084-AF09-30A70A750A74}
		{53E64939-6A5A-4A46-9EEA-17B2670D7BB0} = {53E64939-6A5A-4A46-9EEA-17B2670D7BB0}
		{220D8C5D-067A-46AE-BF1D-EBA93773AF91} = {220D8C5D-067A-46AE-BF1D-EBA93773AF91}
		{E2F63C24-80ED-4BA1-B3BA-81F2B12C6D58} = {E2F63C24-80ED-4BA1-B3BA-81F2B12C6D58}
		{093F1E96-AC73-4994-82D7-11E40892278C} = {093F1E96-AC73-4994-82D7-11E40892278C}
		{CF5DD0A8-A035-4ED3-80D2-D3AF0D0EB252} = {CF5DD0A8-A035-4ED3-80D2-D3AF0D0EB252}
		{9EA856CC-AC03-469B-AED1-77ACCD2A5F53} = {9EA856CC-AC03-469B-AED1-77ACCD2A5F53}
		{D4CEBF70-2357-4DDF-95AF-40934C4208D7} = {D4CEBF70-2357-4DDF-95AF-40934C4208D7}
		{4855D437-F2FE-433E-BA9F-59CDDFFC06CE} = {4855D437-F2FE-433E-BA9F-59CDDFFC06CE}
		{34545473-46B9-42A8-A54E-575BED25C115} = {34545473-46B9-42A8-A54E-575BED25C115}
		{D895DD71-499F-446D-9916-11B243688FD2} = {D895DD71-499F-446D-9916-11B243688FD2}
		{2CE6212A-85F6-4254-938F-EF97A07347AD} = {2CE6212A-85F6-4254-938F-EF97A07347AD}
		{79452619-85C3-4DFD-8EFA-D4660A8796C1} = {79452619-85C3-4DFD-8EFA-D4660A8796C1}
		{7D33C9E4-B288-4C15-B6BA-7B05C340D586} = {7D33C9E4-B288-4C15-B6BA-7B05C340D586}
		{0E3C3654-331B-4FAA-AF66-6FD515FFB562} = {0E3C3654-331B-4FAA-AF66-6FD515FFB562}
		{75AB5940-42EC-4403-89C2-4CF1D2923B33} = {75AB5940-42EC-4403-89C2-4CF1D2923B33}
		{9EB0AB3E-A301-42F9-9157-D6C9DFF5597A} = {9EB0AB3E-A301-42F9-9157-D6C9DFF5597A}
		{935A68BE-7042-4A94-94F8-3C3C05C2B48F} = {935A68BE-7042-4A94-94F8-3C3C05C2B48F}
		{534DCA9D-2C92-4BD4-892A-A9862AABCDD0} = {534DCA9D-2C92-4BD4-892A-A9862AABCDD0}
		{A47DCE81-EC12-4EA3-8A29-43A115848DA9} = {A47DCE81-EC12-4EA3-8A29-43A115848DA9}
		{54AE47DE-4EC3-4B0F-839C-8D965CCE47F9} = {54AE47DE-4EC3-4B0F-839C-8D965CCE47F9}
		{099CE838-E266-4443-A3CB-91899C9FAC62} = {099CE838-E266-4443-A3CB-91899C9FAC62}
		{13E57A12-A533-4F1D-86C9-9870C789BE39} = {13E57A12-A533-4F1D-86C9-9870C789BE39}
	EndProjectSection
EndProject
Project("{8BC9CEB8-8B4A-11D0-8D11-00A0C91BC942}") = "OutlookMultiViews", "..\OutlookMultiViews\OutlookMultiViews.vcproj", "{3037585E-E983-4B37-A9D7-47D0EBF57DCF}"
EndProject
Project("{8BC9CEB8-8B4A-11D0-8D11-00A0C91BC942}") = "OwnerDrawMenu", "..\OwnerDrawMenu\OwnerDrawMenu.vcproj", "{9EB0AB3E-A301-42F9-9157-D6C9DFF5597A}"
EndProject
Project("{8BC9CEB8-8B4A-11D0-8D11-00A0C91BC942}") = "PaletteDemo", "..\PaletteDemo\PaletteDemo.vcproj", "{75AB5940-42EC-4403-89C2-4CF1D2923B33}"
EndProject
Project("{8BC9CEB8-8B4A-11D0-8D11-00A0C91BC942}") = "PopupDemo", "..\PopupDemo\PopupDemo.vcproj", "{0663C99E-6199-464E-BAFC-626D22EF027C}"
EndProject
Project("{8BC9CEB8-8B4A-11D0-8D11-00A0C91BC942}") = "PropSheetDemo", "..\PropSheetDemo\PropSheetDemo.vcproj", "{E2F63C24-80ED-4BA1-B3BA-81F2B12C6D58}"
EndProject
Project("{8BC9CEB8-8B4A-11D0-8D11-00A0C91BC942}") = "RTLSample", "..\RTLSample\RTLSample.vcproj", "{5F3FCF09-F833-4AF7-9A9B-D90F85E89CC7}"
EndProject
Project("{8BC9CEB8-8B4A-11D0-8D11-00A0C91BC942}") = "ReportDemo", "..\ReportDemo\ReportDemo.vcproj", "{9E904758-9176-42C5-AA9F-01CB903E23FE}"
EndProject
Project("{8BC9CEB8-8B4A-11D0-8D11-00A0C91BC942}") = "RibbonMDIDemo", "..\RibbonMDIDemo\RibbonMDIDemo.vcproj", "{A3F84F9E-D72D-45B5-A5B7-764F71036109}"
EndProject
Project("{8BC9CEB8-8B4A-11D0-8D11-00A0C91BC942}") = "SetBarSize", "..\SetBarSize\SetBarSize.vcproj", "{2CA41BD5-0344-4492-BB00-CF3335804E71}"
EndProject
Project("{8BC9CEB8-8B4A-11D0-8D11-00A0C91BC942}") = "SideBarDemo", "..\SideBarDemo\SideBarDemo.vcproj", "{5C6E76E6-26DD-4D6E-A4B2-365DB07CB668}"
EndProject
Project("{8BC9CEB8-8B4A-11D0-8D11-00A0C91BC942}") = "Slider", "..\Slider\Slider.vcproj", "{0E3C3654-331B-4FAA-AF66-6FD515FFB562}"
EndProject
Project("{8BC9CEB8-8B4A-11D0-8D11-00A0C91BC942}") = "SmartDockingDemo", "..\SmartDockingDemo\SmartDockingDemo.vcproj", "{C7350B47-73F5-49F5-B43B-0333E9D44D6C}"
EndProject
Project("{8BC9CEB8-8B4A-11D0-8D11-00A0C91BC942}") = "StateCollection", "..\StateCollection\StateCollection.vcproj", "{7D33C9E4-B288-4C15-B6BA-7B05C340D586}"
EndProject
Project("{8BC9CEB8-8B4A-11D0-8D11-00A0C91BC942}") = "StateToFile", "..\StateToFile\StateToFile.vcproj", "{79452619-85C3-4DFD-8EFA-D4660A8796C1}"
EndProject
Project("{8BC9CEB8-8B4A-11D0-8D11-00A0C91BC942}") = "StatusBarDemo", "..\StatusBarDemo\StatusBarDemo.vcproj", "{220D8C5D-067A-46AE-BF1D-EBA93773AF91}"
EndProject
Project("{8BC9CEB8-8B4A-11D0-8D11-00A0C91BC942}") = "TabControl", "..\TabControl\TabControl.vcproj", "{83C47F51-0A45-488E-88F5-65D1937FE772}"
EndProject
Project("{8BC9CEB8-8B4A-11D0-8D11-00A0C91BC942}") = "TabbedToolbar", "..\TabbedToolbar\TabbedToolbar.vcproj", "{53E64939-6A5A-4A46-9EEA-17B2670D7BB0}"
EndProject
Project("{8BC9CEB8-8B4A-11D0-8D11-00A0C91BC942}") = "TabbedView", "..\TabbedView\TabbedView.vcproj", "{2CE6212A-85F6-4254-938F-EF97A07347AD}"
EndProject
Project("{8BC9CEB8-8B4A-11D0-8D11-00A0C91BC942}") = "TasksPane", "..\TasksPane\TasksPane.vcproj", "{B259618E-A44B-4EBD-86BB-4338182786FB}"
EndProject
Project("{8BC9CEB8-8B4A-11D0-8D11-00A0C91BC942}") = "ToolBoxDemo", "..\ToolBoxDemo\ToolBoxDemo.vcproj", "{FF7A5EDB-1B8F-45FF-8BA4-E33ACDE446EA}"
EndProject
Project("{8BC9CEB8-8B4A-11D0-8D11-00A0C91BC942}") = "ToolbarDateTimePicker", "..\ToolbarDateTimePicker\ToolbarDateTimePicker.vcproj", "{DC8F4072-97AB-4084-AF09-30A70A750A74}"
EndProject
Project("{8BC9CEB8-8B4A-11D0-8D11-00A0C91BC942}") = "ToolbarEditBox", "..\ToolbarEditBox\ToolbarEditBox.vcproj", "{697FCE87-5018-41E1-BB20-3AF7C51CCC32}"
EndProject
Project("{8BC9CEB8-8B4A-11D0-8D11-00A0C91BC942}") = "ToolbarLabel", "..\ToolbarLabel\ToolbarLabel.vcproj", "{D895DD71-499F-446D-9916-11B243688FD2}"
EndProject
Project("{8BC9CEB8-8B4A-11D0-8D11-00A0C91BC942}") = "TooltipDemo", "..\TooltipDemo\TooltipDemo.vcproj", "{2BDF43B9-5D59-4630-B07B-4DF615560C71}"
EndProject
Project("{8BC9CEB8-8B4A-11D0-8D11-00A0C91BC942}") = "TrayMenu", "..\TrayMenu\TrayMenu.vcproj", "{34545473-46B9-42A8-A54E-575BED25C115}"
EndProject
Project("{8BC9CEB8-8B4A-11D0-8D11-00A0C91BC942}") = "UndoBox", "..\UndoBox\UndoBox.vcproj", "{093F1E96-AC73-4994-82D7-11E40892278C}"
EndProject
Project("{8BC9CEB8-8B4A-11D0-8D11-00A0C91BC942}") = "UserTools", "..\UserTools\UserTools.vcproj", "{4855D437-F2FE-433E-BA9F-59CDDFFC06CE}"
EndProject
Project("{8BC9CEB8-8B4A-11D0-8D11-00A0C91BC942}") = "WorkSpaceToolBar", "..\WorkSpaceToolBar\WorkSpaceToolBar.vcproj", "{D4CEBF70-2357-4DDF-95AF-40934C4208D7}"
EndProject
Project("{8BC9CEB8-8B4A-11D0-8D11-00A0C91BC942}") = "XMLSettings", "..\XMLSettings\XMLSettings.vcproj", "{9EA856CC-AC03-469B-AED1-77ACCD2A5F53}"
EndProject
Global
	GlobalSection(SolutionConfigurationPlatforms) = preSolution
		Debug|Win32 = Debug|Win32
		Debug|x64 = Debug|x64
		Release|Win32 = Release|Win32
		Release|x64 = Release|x64
	EndGlobalSection
	GlobalSection(ProjectConfigurationPlatforms) = postSolution
		{79A553AC-50C1-4208-8FD4-A5B789936DA8}.Debug|Win32.ActiveCfg = Debug|Win32
		{79A553AC-50C1-4208-8FD4-A5B789936DA8}.Debug|Win32.Build.0 = Debug|Win32
		{79A553AC-50C1-4208-8FD4-A5B789936DA8}.Debug|x64.ActiveCfg = Debug|x64
		{79A553AC-50C1-4208-8FD4-A5B789936DA8}.Debug|x64.Build.0 = Debug|x64
		{79A553AC-50C1-4208-8FD4-A5B789936DA8}.Release|Win32.ActiveCfg = Release|Win32
		{79A553AC-50C1-4208-8FD4-A5B789936DA8}.Release|Win32.Build.0 = Release|Win32
		{79A553AC-50C1-4208-8FD4-A5B789936DA8}.Release|x64.ActiveCfg = Release|x64
		{79A553AC-50C1-4208-8FD4-A5B789936DA8}.Release|x64.Build.0 = Release|x64
		{13E57A12-A533-4F1D-86C9-9870C789BE39}.Debug|Win32.ActiveCfg = Debug|Win32
		{13E57A12-A533-4F1D-86C9-9870C789BE39}.Debug|Win32.Build.0 = Debug|Win32
		{13E57A12-A533-4F1D-86C9-9870C789BE39}.Debug|x64.ActiveCfg = Debug|x64
		{13E57A12-A533-4F1D-86C9-9870C789BE39}.Debug|x64.Build.0 = Debug|x64
		{13E57A12-A533-4F1D-86C9-9870C789BE39}.Release|Win32.ActiveCfg = Release|Win32
		{13E57A12-A533-4F1D-86C9-9870C789BE39}.Release|Win32.Build.0 = Release|Win32
		{13E57A12-A533-4F1D-86C9-9870C789BE39}.Release|x64.ActiveCfg = Release|x64
		{13E57A12-A533-4F1D-86C9-9870C789BE39}.Release|x64.Build.0 = Release|x64
		{C84A093D-CE21-4BE0-962A-2674B8F2AE9E}.Debug|Win32.ActiveCfg = Debug|Win32
		{C84A093D-CE21-4BE0-962A-2674B8F2AE9E}.Debug|Win32.Build.0 = Debug|Win32
		{C84A093D-CE21-4BE0-962A-2674B8F2AE9E}.Debug|x64.ActiveCfg = Debug|x64
		{C84A093D-CE21-4BE0-962A-2674B8F2AE9E}.Debug|x64.Build.0 = Debug|x64
		{C84A093D-CE21-4BE0-962A-2674B8F2AE9E}.Release|Win32.ActiveCfg = Release|Win32
		{C84A093D-CE21-4BE0-962A-2674B8F2AE9E}.Release|Win32.Build.0 = Release|Win32
		{C84A093D-CE21-4BE0-962A-2674B8F2AE9E}.Release|x64.ActiveCfg = Release|x64
		{C84A093D-CE21-4BE0-962A-2674B8F2AE9E}.Release|x64.Build.0 = Release|x64
		{099CE838-E266-4443-A3CB-91899C9FAC62}.Debug|Win32.ActiveCfg = Debug|Win32
		{099CE838-E266-4443-A3CB-91899C9FAC62}.Debug|Win32.Build.0 = Debug|Win32
		{099CE838-E266-4443-A3CB-91899C9FAC62}.Debug|x64.ActiveCfg = Debug|x64
		{099CE838-E266-4443-A3CB-91899C9FAC62}.Debug|x64.Build.0 = Debug|x64
		{099CE838-E266-4443-A3CB-91899C9FAC62}.Release|Win32.ActiveCfg = Release|Win32
		{099CE838-E266-4443-A3CB-91899C9FAC62}.Release|Win32.Build.0 = Release|Win32
		{099CE838-E266-4443-A3CB-91899C9FAC62}.Release|x64.ActiveCfg = Release|x64
		{099CE838-E266-4443-A3CB-91899C9FAC62}.Release|x64.Build.0 = Release|x64
		{54AE47DE-4EC3-4B0F-839C-8D965CCE47F9}.Debug|Win32.ActiveCfg = Debug|Win32
		{54AE47DE-4EC3-4B0F-839C-8D965CCE47F9}.Debug|Win32.Build.0 = Debug|Win32
		{54AE47DE-4EC3-4B0F-839C-8D965CCE47F9}.Debug|x64.ActiveCfg = Debug|x64
		{54AE47DE-4EC3-4B0F-839C-8D965CCE47F9}.Debug|x64.Build.0 = Debug|x64
		{54AE47DE-4EC3-4B0F-839C-8D965CCE47F9}.Release|Win32.ActiveCfg = Release|Win32
		{54AE47DE-4EC3-4B0F-839C-8D965CCE47F9}.Release|Win32.Build.0 = Release|Win32
		{54AE47DE-4EC3-4B0F-839C-8D965CCE47F9}.Release|x64.ActiveCfg = Release|x64
		{54AE47DE-4EC3-4B0F-839C-8D965CCE47F9}.Release|x64.Build.0 = Release|x64
		{A47DCE81-EC12-4EA3-8A29-43A115848DA9}.Debug|Win32.ActiveCfg = Debug|Win32
		{A47DCE81-EC12-4EA3-8A29-43A115848DA9}.Debug|Win32.Build.0 = Debug|Win32
		{A47DCE81-EC12-4EA3-8A29-43A115848DA9}.Debug|x64.ActiveCfg = Debug|x64
		{A47DCE81-EC12-4EA3-8A29-43A115848DA9}.Debug|x64.Build.0 = Debug|x64
		{A47DCE81-EC12-4EA3-8A29-43A115848DA9}.Release|Win32.ActiveCfg = Release|Win32
		{A47DCE81-EC12-4EA3-8A29-43A115848DA9}.Release|Win32.Build.0 = Release|Win32
		{A47DCE81-EC12-4EA3-8A29-43A115848DA9}.Release|x64.ActiveCfg = Release|x64
		{A47DCE81-EC12-4EA3-8A29-43A115848DA9}.Release|x64.Build.0 = Release|x64
		{C3CB5F81-2A65-4CCC-9C8B-8FF13D17D1F6}.Debug|Win32.ActiveCfg = Debug|Win32
		{C3CB5F81-2A65-4CCC-9C8B-8FF13D17D1F6}.Debug|Win32.Build.0 = Debug|Win32
		{C3CB5F81-2A65-4CCC-9C8B-8FF13D17D1F6}.Debug|x64.ActiveCfg = Debug|x64
		{C3CB5F81-2A65-4CCC-9C8B-8FF13D17D1F6}.Debug|x64.Build.0 = Debug|x64
		{C3CB5F81-2A65-4CCC-9C8B-8FF13D17D1F6}.Release|Win32.ActiveCfg = Release|Win32
		{C3CB5F81-2A65-4CCC-9C8B-8FF13D17D1F6}.Release|Win32.Build.0 = Release|Win32
		{C3CB5F81-2A65-4CCC-9C8B-8FF13D17D1F6}.Release|x64.ActiveCfg = Release|x64
		{C3CB5F81-2A65-4CCC-9C8B-8FF13D17D1F6}.Release|x64.Build.0 = Release|x64
		{534DCA9D-2C92-4BD4-892A-A9862AABCDD0}.Debug|Win32.ActiveCfg = Debug|Win32
		{534DCA9D-2C92-4BD4-892A-A9862AABCDD0}.Debug|Win32.Build.0 = Debug|Win32
		{534DCA9D-2C92-4BD4-892A-A9862AABCDD0}.Debug|x64.ActiveCfg = Debug|x64
		{534DCA9D-2C92-4BD4-892A-A9862AABCDD0}.Debug|x64.Build.0 = Debug|x64
		{534DCA9D-2C92-4BD4-892A-A9862AABCDD0}.Release|Win32.ActiveCfg = Release|Win32
		{534DCA9D-2C92-4BD4-892A-A9862AABCDD0}.Release|Win32.Build.0 = Release|Win32
		{534DCA9D-2C92-4BD4-892A-A9862AABCDD0}.Release|x64.ActiveCfg = Release|x64
		{534DCA9D-2C92-4BD4-892A-A9862AABCDD0}.Release|x64.Build.0 = Release|x64
		{935A68BE-7042-4A94-94F8-3C3C05C2B48F}.Debug|Win32.ActiveCfg = Debug|Win32
		{935A68BE-7042-4A94-94F8-3C3C05C2B48F}.Debug|Win32.Build.0 = Debug|Win32
		{935A68BE-7042-4A94-94F8-3C3C05C2B48F}.Debug|x64.ActiveCfg = Debug|x64
		{935A68BE-7042-4A94-94F8-3C3C05C2B48F}.Debug|x64.Build.0 = Debug|x64
		{935A68BE-7042-4A94-94F8-3C3C05C2B48F}.Release|Win32.ActiveCfg = Release|Win32
		{935A68BE-7042-4A94-94F8-3C3C05C2B48F}.Release|Win32.Build.0 = Release|Win32
		{935A68BE-7042-4A94-94F8-3C3C05C2B48F}.Release|x64.ActiveCfg = Release|x64
		{935A68BE-7042-4A94-94F8-3C3C05C2B48F}.Release|x64.Build.0 = Release|x64
		{A0EFDFFE-A328-4E15-9CDB-78D34A9F1E9F}.Debug|Win32.ActiveCfg = Debug|Win32
		{A0EFDFFE-A328-4E15-9CDB-78D34A9F1E9F}.Debug|Win32.Build.0 = Debug|Win32
		{A0EFDFFE-A328-4E15-9CDB-78D34A9F1E9F}.Debug|x64.ActiveCfg = Debug|x64
		{A0EFDFFE-A328-4E15-9CDB-78D34A9F1E9F}.Debug|x64.Build.0 = Debug|x64
		{A0EFDFFE-A328-4E15-9CDB-78D34A9F1E9F}.Release|Win32.ActiveCfg = Release|Win32
		{A0EFDFFE-A328-4E15-9CDB-78D34A9F1E9F}.Release|Win32.Build.0 = Release|Win32
		{A0EFDFFE-A328-4E15-9CDB-78D34A9F1E9F}.Release|x64.ActiveCfg = Release|x64
		{A0EFDFFE-A328-4E15-9CDB-78D34A9F1E9F}.Release|x64.Build.0 = Release|x64
		{CF5DD0A8-A035-4ED3-80D2-D3AF0D0EB252}.Debug|Win32.ActiveCfg = Debug|Win32
		{CF5DD0A8-A035-4ED3-80D2-D3AF0D0EB252}.Debug|Win32.Build.0 = Debug|Win32
		{CF5DD0A8-A035-4ED3-80D2-D3AF0D0EB252}.Debug|x64.ActiveCfg = Debug|x64
		{CF5DD0A8-A035-4ED3-80D2-D3AF0D0EB252}.Debug|x64.Build.0 = Debug|x64
		{CF5DD0A8-A035-4ED3-80D2-D3AF0D0EB252}.Release|Win32.ActiveCfg = Release|Win32
		{CF5DD0A8-A035-4ED3-80D2-D3AF0D0EB252}.Release|Win32.Build.0 = Release|Win32
		{CF5DD0A8-A035-4ED3-80D2-D3AF0D0EB252}.Release|x64.ActiveCfg = Release|x64
		{CF5DD0A8-A035-4ED3-80D2-D3AF0D0EB252}.Release|x64.Build.0 = Release|x64
		{A2BD8676-1E92-49C0-9DE5-9CF8DB93360A}.Debug|Win32.ActiveCfg = Debug|Win32
		{A2BD8676-1E92-49C0-9DE5-9CF8DB93360A}.Debug|Win32.Build.0 = Debug|Win32
		{A2BD8676-1E92-49C0-9DE5-9CF8DB93360A}.Debug|x64.ActiveCfg = Debug|x64
		{A2BD8676-1E92-49C0-9DE5-9CF8DB93360A}.Debug|x64.Build.0 = Debug|x64
		{A2BD8676-1E92-49C0-9DE5-9CF8DB93360A}.Release|Win32.ActiveCfg = Release|Win32
		{A2BD8676-1E92-49C0-9DE5-9CF8DB93360A}.Release|Win32.Build.0 = Release|Win32
		{A2BD8676-1E92-49C0-9DE5-9CF8DB93360A}.Release|x64.ActiveCfg = Release|x64
		{A2BD8676-1E92-49C0-9DE5-9CF8DB93360A}.Release|x64.Build.0 = Release|x64
		{3563889E-3B02-4E4B-9B92-39444D294C3C}.Debug|Win32.ActiveCfg = Debug|Win32
		{3563889E-3B02-4E4B-9B92-39444D294C3C}.Debug|Win32.Build.0 = Debug|Win32
		{3563889E-3B02-4E4B-9B92-39444D294C3C}.Debug|x64.ActiveCfg = Debug|x64
		{3563889E-3B02-4E4B-9B92-39444D294C3C}.Debug|x64.Build.0 = Debug|x64
		{3563889E-3B02-4E4B-9B92-39444D294C3C}.Release|Win32.ActiveCfg = Release|Win32
		{3563889E-3B02-4E4B-9B92-39444D294C3C}.Release|Win32.Build.0 = Release|Win32
		{3563889E-3B02-4E4B-9B92-39444D294C3C}.Release|x64.ActiveCfg = Release|x64
		{3563889E-3B02-4E4B-9B92-39444D294C3C}.Release|x64.Build.0 = Release|x64
		{22318805-4E74-4658-90F0-3B03B1D9D855}.Debug|Win32.ActiveCfg = Debug|Win32
		{22318805-4E74-4658-90F0-3B03B1D9D855}.Debug|Win32.Build.0 = Debug|Win32
		{22318805-4E74-4658-90F0-3B03B1D9D855}.Debug|x64.ActiveCfg = Debug|x64
		{22318805-4E74-4658-90F0-3B03B1D9D855}.Debug|x64.Build.0 = Debug|x64
		{22318805-4E74-4658-90F0-3B03B1D9D855}.Release|Win32.ActiveCfg = Release|Win32
		{22318805-4E74-4658-90F0-3B03B1D9D855}.Release|Win32.Build.0 = Release|Win32
		{22318805-4E74-4658-90F0-3B03B1D9D855}.Release|x64.ActiveCfg = Release|x64
		{22318805-4E74-4658-90F0-3B03B1D9D855}.Release|x64.Build.0 = Release|x64
		{35CDE7BC-959E-4015-AE90-48AC6C44931A}.Debug|Win32.ActiveCfg = Debug|Win32
		{35CDE7BC-959E-4015-AE90-48AC6C44931A}.Debug|Win32.Build.0 = Debug|Win32
		{35CDE7BC-959E-4015-AE90-48AC6C44931A}.Debug|x64.ActiveCfg = Debug|x64
		{35CDE7BC-959E-4015-AE90-48AC6C44931A}.Debug|x64.Build.0 = Debug|x64
		{35CDE7BC-959E-4015-AE90-48AC6C44931A}.Release|Win32.ActiveCfg = Release|Win32
		{35CDE7BC-959E-4015-AE90-48AC6C44931A}.Release|Win32.Build.0 = Release|Win32
		{35CDE7BC-959E-4015-AE90-48AC6C44931A}.Release|x64.ActiveCfg = Release|x64
		{35CDE7BC-959E-4015-AE90-48AC6C44931A}.Release|x64.Build.0 = Release|x64
		{3037585E-E983-4B37-A9D7-47D0EBF57DCF}.Debug|Win32.ActiveCfg = Debug|Win32
		{3037585E-E983-4B37-A9D7-47D0EBF57DCF}.Debug|Win32.Build.0 = Debug|Win32
		{3037585E-E983-4B37-A9D7-47D0EBF57DCF}.Debug|x64.ActiveCfg = Debug|x64
		{3037585E-E983-4B37-A9D7-47D0EBF57DCF}.Debug|x64.Build.0 = Debug|x64
		{3037585E-E983-4B37-A9D7-47D0EBF57DCF}.Release|Win32.ActiveCfg = Release|Win32
		{3037585E-E983-4B37-A9D7-47D0EBF57DCF}.Release|Win32.Build.0 = Release|Win32
		{3037585E-E983-4B37-A9D7-47D0EBF57DCF}.Release|x64.ActiveCfg = Release|x64
		{3037585E-E983-4B37-A9D7-47D0EBF57DCF}.Release|x64.Build.0 = Release|x64
		{9EB0AB3E-A301-42F9-9157-D6C9DFF5597A}.Debug|Win32.ActiveCfg = Debug|Win32
		{9EB0AB3E-A301-42F9-9157-D6C9DFF5597A}.Debug|Win32.Build.0 = Debug|Win32
		{9EB0AB3E-A301-42F9-9157-D6C9DFF5597A}.Debug|x64.ActiveCfg = Debug|x64
		{9EB0AB3E-A301-42F9-9157-D6C9DFF5597A}.Debug|x64.Build.0 = Debug|x64
		{9EB0AB3E-A301-42F9-9157-D6C9DFF5597A}.Release|Win32.ActiveCfg = Release|Win32
		{9EB0AB3E-A301-42F9-9157-D6C9DFF5597A}.Release|Win32.Build.0 = Release|Win32
		{9EB0AB3E-A301-42F9-9157-D6C9DFF5597A}.Release|x64.ActiveCfg = Release|x64
		{9EB0AB3E-A301-42F9-9157-D6C9DFF5597A}.Release|x64.Build.0 = Release|x64
		{75AB5940-42EC-4403-89C2-4CF1D2923B33}.Debug|Win32.ActiveCfg = Debug|Win32
		{75AB5940-42EC-4403-89C2-4CF1D2923B33}.Debug|Win32.Build.0 = Debug|Win32
		{75AB5940-42EC-4403-89C2-4CF1D2923B33}.Debug|x64.ActiveCfg = Debug|x64
		{75AB5940-42EC-4403-89C2-4CF1D2923B33}.Debug|x64.Build.0 = Debug|x64
		{75AB5940-42EC-4403-89C2-4CF1D2923B33}.Release|Win32.ActiveCfg = Release|Win32
		{75AB5940-42EC-4403-89C2-4CF1D2923B33}.Release|Win32.Build.0 = Release|Win32
		{75AB5940-42EC-4403-89C2-4CF1D2923B33}.Release|x64.ActiveCfg = Release|x64
		{75AB5940-42EC-4403-89C2-4CF1D2923B33}.Release|x64.Build.0 = Release|x64
		{0663C99E-6199-464E-BAFC-626D22EF027C}.Debug|Win32.ActiveCfg = Debug|Win32
		{0663C99E-6199-464E-BAFC-626D22EF027C}.Debug|Win32.Build.0 = Debug|Win32
		{0663C99E-6199-464E-BAFC-626D22EF027C}.Debug|x64.ActiveCfg = Debug|x64
		{0663C99E-6199-464E-BAFC-626D22EF027C}.Debug|x64.Build.0 = Debug|x64
		{0663C99E-6199-464E-BAFC-626D22EF027C}.Release|Win32.ActiveCfg = Release|Win32
		{0663C99E-6199-464E-BAFC-626D22EF027C}.Release|Win32.Build.0 = Release|Win32
		{0663C99E-6199-464E-BAFC-626D22EF027C}.Release|x64.ActiveCfg = Release|x64
		{0663C99E-6199-464E-BAFC-626D22EF027C}.Release|x64.Build.0 = Release|x64
		{E2F63C24-80ED-4BA1-B3BA-81F2B12C6D58}.Debug|Win32.ActiveCfg = Debug|Win32
		{E2F63C24-80ED-4BA1-B3BA-81F2B12C6D58}.Debug|Win32.Build.0 = Debug|Win32
		{E2F63C24-80ED-4BA1-B3BA-81F2B12C6D58}.Debug|x64.ActiveCfg = Debug|x64
		{E2F63C24-80ED-4BA1-B3BA-81F2B12C6D58}.Debug|x64.Build.0 = Debug|x64
		{E2F63C24-80ED-4BA1-B3BA-81F2B12C6D58}.Release|Win32.ActiveCfg = Release|Win32
		{E2F63C24-80ED-4BA1-B3BA-81F2B12C6D58}.Release|Win32.Build.0 = Release|Win32
		{E2F63C24-80ED-4BA1-B3BA-81F2B12C6D58}.Release|x64.ActiveCfg = Release|x64
		{E2F63C24-80ED-4BA1-B3BA-81F2B12C6D58}.Release|x64.Build.0 = Release|x64
		{5F3FCF09-F833-4AF7-9A9B-D90F85E89CC7}.Debug|Win32.ActiveCfg = Debug|Win32
		{5F3FCF09-F833-4AF7-9A9B-D90F85E89CC7}.Debug|Win32.Build.0 = Debug|Win32
		{5F3FCF09-F833-4AF7-9A9B-D90F85E89CC7}.Debug|x64.ActiveCfg = Debug|x64
		{5F3FCF09-F833-4AF7-9A9B-D90F85E89CC7}.Debug|x64.Build.0 = Debug|x64
		{5F3FCF09-F833-4AF7-9A9B-D90F85E89CC7}.Release|Win32.ActiveCfg = Release|Win32
		{5F3FCF09-F833-4AF7-9A9B-D90F85E89CC7}.Release|Win32.Build.0 = Release|Win32
		{5F3FCF09-F833-4AF7-9A9B-D90F85E89CC7}.Release|x64.ActiveCfg = Release|x64
		{5F3FCF09-F833-4AF7-9A9B-D90F85E89CC7}.Release|x64.Build.0 = Release|x64
		{9E904758-9176-42C5-AA9F-01CB903E23FE}.Debug|Win32.ActiveCfg = Debug|Win32
		{9E904758-9176-42C5-AA9F-01CB903E23FE}.Debug|Win32.Build.0 = Debug|Win32
		{9E904758-9176-42C5-AA9F-01CB903E23FE}.Debug|x64.ActiveCfg = Debug|x64
		{9E904758-9176-42C5-AA9F-01CB903E23FE}.Debug|x64.Build.0 = Debug|x64
		{9E904758-9176-42C5-AA9F-01CB903E23FE}.Release|Win32.ActiveCfg = Release|Win32
		{9E904758-9176-42C5-AA9F-01CB903E23FE}.Release|Win32.Build.0 = Release|Win32
		{9E904758-9176-42C5-AA9F-01CB903E23FE}.Release|x64.ActiveCfg = Release|x64
		{9E904758-9176-42C5-AA9F-01CB903E23FE}.Release|x64.Build.0 = Release|x64
		{A3F84F9E-D72D-45B5-A5B7-764F71036109}.Debug|Win32.ActiveCfg = Debug|Win32
		{A3F84F9E-D72D-45B5-A5B7-764F71036109}.Debug|Win32.Build.0 = Debug|Win32
		{A3F84F9E-D72D-45B5-A5B7-764F71036109}.Debug|x64.ActiveCfg = Debug|x64
		{A3F84F9E-D72D-45B5-A5B7-764F71036109}.Debug|x64.Build.0 = Debug|x64
		{A3F84F9E-D72D-45B5-A5B7-764F71036109}.Release|Win32.ActiveCfg = Release|Win32
		{A3F84F9E-D72D-45B5-A5B7-764F71036109}.Release|Win32.Build.0 = Release|Win32
		{A3F84F9E-D72D-45B5-A5B7-764F71036109}.Release|x64.ActiveCfg = Release|x64
		{A3F84F9E-D72D-45B5-A5B7-764F71036109}.Release|x64.Build.0 = Release|x64
		{2CA41BD5-0344-4492-BB00-CF3335804E71}.Debug|Win32.ActiveCfg = Debug|Win32
		{2CA41BD5-0344-4492-BB00-CF3335804E71}.Debug|Win32.Build.0 = Debug|Win32
		{2CA41BD5-0344-4492-BB00-CF3335804E71}.Debug|x64.ActiveCfg = Debug|x64
		{2CA41BD5-0344-4492-BB00-CF3335804E71}.Debug|x64.Build.0 = Debug|x64
		{2CA41BD5-0344-4492-BB00-CF3335804E71}.Release|Win32.ActiveCfg = Release|Win32
		{2CA41BD5-0344-4492-BB00-CF3335804E71}.Release|Win32.Build.0 = Release|Win32
		{2CA41BD5-0344-4492-BB00-CF3335804E71}.Release|x64.ActiveCfg = Release|x64
		{2CA41BD5-0344-4492-BB00-CF3335804E71}.Release|x64.Build.0 = Release|x64
		{5C6E76E6-26DD-4D6E-A4B2-365DB07CB668}.Debug|Win32.ActiveCfg = Debug|Win32
		{5C6E76E6-26DD-4D6E-A4B2-365DB07CB668}.Debug|Win32.Build.0 = Debug|Win32
		{5C6E76E6-26DD-4D6E-A4B2-365DB07CB668}.Debug|x64.ActiveCfg = Debug|x64
		{5C6E76E6-26DD-4D6E-A4B2-365DB07CB668}.Debug|x64.Build.0 = Debug|x64
		{5C6E76E6-26DD-4D6E-A4B2-365DB07CB668}.Release|Win32.ActiveCfg = Release|Win32
		{5C6E76E6-26DD-4D6E-A4B2-365DB07CB668}.Release|Win32.Build.0 = Release|Win32
		{5C6E76E6-26DD-4D6E-A4B2-365DB07CB668}.Release|x64.ActiveCfg = Release|x64
		{5C6E76E6-26DD-4D6E-A4B2-365DB07CB668}.Release|x64.Build.0 = Release|x64
		{0E3C3654-331B-4FAA-AF66-6FD515FFB562}.Debug|Win32.ActiveCfg = Debug|Win32
		{0E3C3654-331B-4FAA-AF66-6FD515FFB562}.Debug|Win32.Build.0 = Debug|Win32
		{0E3C3654-331B-4FAA-AF66-6FD515FFB562}.Debug|x64.ActiveCfg = Debug|x64
		{0E3C3654-331B-4FAA-AF66-6FD515FFB562}.Debug|x64.Build.0 = Debug|x64
		{0E3C3654-331B-4FAA-AF66-6FD515FFB562}.Release|Win32.ActiveCfg = Release|Win32
		{0E3C3654-331B-4FAA-AF66-6FD515FFB562}.Release|Win32.Build.0 = Release|Win32
		{0E3C3654-331B-4FAA-AF66-6FD515FFB562}.Release|x64.ActiveCfg = Release|x64
		{0E3C3654-331B-4FAA-AF66-6FD515FFB562}.Release|x64.Build.0 = Release|x64
		{C7350B47-73F5-49F5-B43B-0333E9D44D6C}.Debug|Win32.ActiveCfg = Debug|Win32
		{C7350B47-73F5-49F5-B43B-0333E9D44D6C}.Debug|Win32.Build.0 = Debug|Win32
		{C7350B47-73F5-49F5-B43B-0333E9D44D6C}.Debug|x64.ActiveCfg = Debug|x64
		{C7350B47-73F5-49F5-B43B-0333E9D44D6C}.Debug|x64.Build.0 = Debug|x64
		{C7350B47-73F5-49F5-B43B-0333E9D44D6C}.Release|Win32.ActiveCfg = Release|Win32
		{C7350B47-73F5-49F5-B43B-0333E9D44D6C}.Release|Win32.Build.0 = Release|Win32
		{C7350B47-73F5-49F5-B43B-0333E9D44D6C}.Release|x64.ActiveCfg = Release|x64
		{C7350B47-73F5-49F5-B43B-0333E9D44D6C}.Release|x64.Build.0 = Release|x64
		{7D33C9E4-B288-4C15-B6BA-7B05C340D586}.Debug|Win32.ActiveCfg = Debug|Win32
		{7D33C9E4-B288-4C15-B6BA-7B05C340D586}.Debug|Win32.Build.0 = Debug|Win32
		{7D33C9E4-B288-4C15-B6BA-7B05C340D586}.Debug|x64.ActiveCfg = Debug|x64
		{7D33C9E4-B288-4C15-B6BA-7B05C340D586}.Debug|x64.Build.0 = Debug|x64
		{7D33C9E4-B288-4C15-B6BA-7B05C340D586}.Release|Win32.ActiveCfg = Release|Win32
		{7D33C9E4-B288-4C15-B6BA-7B05C340D586}.Release|Win32.Build.0 = Release|Win32
		{7D33C9E4-B288-4C15-B6BA-7B05C340D586}.Release|x64.ActiveCfg = Release|x64
		{7D33C9E4-B288-4C15-B6BA-7B05C340D586}.Release|x64.Build.0 = Release|x64
		{79452619-85C3-4DFD-8EFA-D4660A8796C1}.Debug|Win32.ActiveCfg = Debug|Win32
		{79452619-85C3-4DFD-8EFA-D4660A8796C1}.Debug|Win32.Build.0 = Debug|Win32
		{79452619-85C3-4DFD-8EFA-D4660A8796C1}.Debug|x64.ActiveCfg = Debug|x64
		{79452619-85C3-4DFD-8EFA-D4660A8796C1}.Debug|x64.Build.0 = Debug|x64
		{79452619-85C3-4DFD-8EFA-D4660A8796C1}.Release|Win32.ActiveCfg = Release|Win32
		{79452619-85C3-4DFD-8EFA-D4660A8796C1}.Release|Win32.Build.0 = Release|Win32
		{79452619-85C3-4DFD-8EFA-D4660A8796C1}.Release|x64.ActiveCfg = Release|x64
		{79452619-85C3-4DFD-8EFA-D4660A8796C1}.Release|x64.Build.0 = Release|x64
		{220D8C5D-067A-46AE-BF1D-EBA93773AF91}.Debug|Win32.ActiveCfg = Debug|Win32
		{220D8C5D-067A-46AE-BF1D-EBA93773AF91}.Debug|Win32.Build.0 = Debug|Win32
		{220D8C5D-067A-46AE-BF1D-EBA93773AF91}.Debug|x64.ActiveCfg = Debug|x64
		{220D8C5D-067A-46AE-BF1D-EBA93773AF91}.Debug|x64.Build.0 = Debug|x64
		{220D8C5D-067A-46AE-BF1D-EBA93773AF91}.Release|Win32.ActiveCfg = Release|Win32
		{220D8C5D-067A-46AE-BF1D-EBA93773AF91}.Release|Win32.Build.0 = Release|Win32
		{220D8C5D-067A-46AE-BF1D-EBA93773AF91}.Release|x64.ActiveCfg = Release|x64
		{220D8C5D-067A-46AE-BF1D-EBA93773AF91}.Release|x64.Build.0 = Release|x64
		{83C47F51-0A45-488E-88F5-65D1937FE772}.Debug|Win32.ActiveCfg = Debug|Win32
		{83C47F51-0A45-488E-88F5-65D1937FE772}.Debug|Win32.Build.0 = Debug|Win32
		{83C47F51-0A45-488E-88F5-65D1937FE772}.Debug|x64.ActiveCfg = Debug|x64
		{83C47F51-0A45-488E-88F5-65D1937FE772}.Debug|x64.Build.0 = Debug|x64
		{83C47F51-0A45-488E-88F5-65D1937FE772}.Release|Win32.ActiveCfg = Release|Win32
		{83C47F51-0A45-488E-88F5-65D1937FE772}.Release|Win32.Build.0 = Release|Win32
		{83C47F51-0A45-488E-88F5-65D1937FE772}.Release|x64.ActiveCfg = Release|x64
		{83C47F51-0A45-488E-88F5-65D1937FE772}.Release|x64.Build.0 = Release|x64
		{53E64939-6A5A-4A46-9EEA-17B2670D7BB0}.Debug|Win32.ActiveCfg = Debug|Win32
		{53E64939-6A5A-4A46-9EEA-17B2670D7BB0}.Debug|Win32.Build.0 = Debug|Win32
		{53E64939-6A5A-4A46-9EEA-17B2670D7BB0}.Debug|x64.ActiveCfg = Debug|x64
		{53E64939-6A5A-4A46-9EEA-17B2670D7BB0}.Debug|x64.Build.0 = Debug|x64
		{53E64939-6A5A-4A46-9EEA-17B2670D7BB0}.Release|Win32.ActiveCfg = Release|Win32
		{53E64939-6A5A-4A46-9EEA-17B2670D7BB0}.Release|Win32.Build.0 = Release|Win32
		{53E64939-6A5A-4A46-9EEA-17B2670D7BB0}.Release|x64.ActiveCfg = Release|x64
		{53E64939-6A5A-4A46-9EEA-17B2670D7BB0}.Release|x64.Build.0 = Release|x64
		{2CE6212A-85F6-4254-938F-EF97A07347AD}.Debug|Win32.ActiveCfg = Debug|Win32
		{2CE6212A-85F6-4254-938F-EF97A07347AD}.Debug|Win32.Build.0 = Debug|Win32
		{2CE6212A-85F6-4254-938F-EF97A07347AD}.Debug|x64.ActiveCfg = Debug|x64
		{2CE6212A-85F6-4254-938F-EF97A07347AD}.Debug|x64.Build.0 = Debug|x64
		{2CE6212A-85F6-4254-938F-EF97A07347AD}.Release|Win32.ActiveCfg = Release|Win32
		{2CE6212A-85F6-4254-938F-EF97A07347AD}.Release|Win32.Build.0 = Release|Win32
		{2CE6212A-85F6-4254-938F-EF97A07347AD}.Release|x64.ActiveCfg = Release|x64
		{2CE6212A-85F6-4254-938F-EF97A07347AD}.Release|x64.Build.0 = Release|x64
		{B259618E-A44B-4EBD-86BB-4338182786FB}.Debug|Win32.ActiveCfg = Debug|Win32
		{B259618E-A44B-4EBD-86BB-4338182786FB}.Debug|Win32.Build.0 = Debug|Win32
		{B259618E-A44B-4EBD-86BB-4338182786FB}.Debug|x64.ActiveCfg = Debug|x64
		{B259618E-A44B-4EBD-86BB-4338182786FB}.Debug|x64.Build.0 = Debug|x64
		{B259618E-A44B-4EBD-86BB-4338182786FB}.Release|Win32.ActiveCfg = Release|Win32
		{B259618E-A44B-4EBD-86BB-4338182786FB}.Release|Win32.Build.0 = Release|Win32
		{B259618E-A44B-4EBD-86BB-4338182786FB}.Release|x64.ActiveCfg = Release|x64
		{B259618E-A44B-4EBD-86BB-4338182786FB}.Release|x64.Build.0 = Release|x64
		{FF7A5EDB-1B8F-45FF-8BA4-E33ACDE446EA}.Debug|Win32.ActiveCfg = Debug|Win32
		{FF7A5EDB-1B8F-45FF-8BA4-E33ACDE446EA}.Debug|Win32.Build.0 = Debug|Win32
		{FF7A5EDB-1B8F-45FF-8BA4-E33ACDE446EA}.Debug|x64.ActiveCfg = Debug|x64
		{FF7A5EDB-1B8F-45FF-8BA4-E33ACDE446EA}.Debug|x64.Build.0 = Debug|x64
		{FF7A5EDB-1B8F-45FF-8BA4-E33ACDE446EA}.Release|Win32.ActiveCfg = Release|Win32
		{FF7A5EDB-1B8F-45FF-8BA4-E33ACDE446EA}.Release|Win32.Build.0 = Release|Win32
		{FF7A5EDB-1B8F-45FF-8BA4-E33ACDE446EA}.Release|x64.ActiveCfg = Release|x64
		{FF7A5EDB-1B8F-45FF-8BA4-E33ACDE446EA}.Release|x64.Build.0 = Release|x64
		{DC8F4072-97AB-4084-AF09-30A70A750A74}.Debug|Win32.ActiveCfg = Debug|Win32
		{DC8F4072-97AB-4084-AF09-30A70A750A74}.Debug|Win32.Build.0 = Debug|Win32
		{DC8F4072-97AB-4084-AF09-30A70A750A74}.Debug|x64.ActiveCfg = Debug|x64
		{DC8F4072-97AB-4084-AF09-30A70A750A74}.Debug|x64.Build.0 = Debug|x64
		{DC8F4072-97AB-4084-AF09-30A70A750A74}.Release|Win32.ActiveCfg = Release|Win32
		{DC8F4072-97AB-4084-AF09-30A70A750A74}.Release|Win32.Build.0 = Release|Win32
		{DC8F4072-97AB-4084-AF09-30A70A750A74}.Release|x64.ActiveCfg = Release|x64
		{DC8F4072-97AB-4084-AF09-30A70A750A74}.Release|x64.Build.0 = Release|x64
		{697FCE87-5018-41E1-BB20-3AF7C51CCC32}.Debug|Win32.ActiveCfg = Debug|Win32
		{697FCE87-5018-41E1-BB20-3AF7C51CCC32}.Debug|Win32.Build.0 = Debug|Win32
		{697FCE87-5018-41E1-BB20-3AF7C51CCC32}.Debug|x64.ActiveCfg = Debug|x64
		{697FCE87-5018-41E1-BB20-3AF7C51CCC32}.Debug|x64.Build.0 = Debug|x64
		{697FCE87-5018-41E1-BB20-3AF7C51CCC32}.Release|Win32.ActiveCfg = Release|Win32
		{697FCE87-5018-41E1-BB20-3AF7C51CCC32}.Release|Win32.Build.0 = Release|Win32
		{697FCE87-5018-41E1-BB20-3AF7C51CCC32}.Release|x64.ActiveCfg = Release|x64
		{697FCE87-5018-41E1-BB20-3AF7C51CCC32}.Release|x64.Build.0 = Release|x64
		{D895DD71-499F-446D-9916-11B243688FD2}.Debug|Win32.ActiveCfg = Debug|Win32
		{D895DD71-499F-446D-9916-11B243688FD2}.Debug|Win32.Build.0 = Debug|Win32
		{D895DD71-499F-446D-9916-11B243688FD2}.Debug|x64.ActiveCfg = Debug|x64
		{D895DD71-499F-446D-9916-11B243688FD2}.Debug|x64.Build.0 = Debug|x64
		{D895DD71-499F-446D-9916-11B243688FD2}.Release|Win32.ActiveCfg = Release|Win32
		{D895DD71-499F-446D-9916-11B243688FD2}.Release|Win32.Build.0 = Release|Win32
		{D895DD71-499F-446D-9916-11B243688FD2}.Release|x64.ActiveCfg = Release|x64
		{D895DD71-499F-446D-9916-11B243688FD2}.Release|x64.Build.0 = Release|x64
		{2BDF43B9-5D59-4630-B07B-4DF615560C71}.Debug|Win32.ActiveCfg = Debug|Win32
		{2BDF43B9-5D59-4630-B07B-4DF615560C71}.Debug|Win32.Build.0 = Debug|Win32
		{2BDF43B9-5D59-4630-B07B-4DF615560C71}.Debug|x64.ActiveCfg = Debug|x64
		{2BDF43B9-5D59-4630-B07B-4DF615560C71}.Debug|x64.Build.0 = Debug|x64
		{2BDF43B9-5D59-4630-B07B-4DF615560C71}.Release|Win32.ActiveCfg = Release|Win32
		{2BDF43B9-5D59-4630-B07B-4DF615560C71}.Release|Win32.Build.0 = Release|Win32
		{2BDF43B9-5D59-4630-B07B-4DF615560C71}.Release|x64.ActiveCfg = Release|x64
		{2BDF43B9-5D59-4630-B07B-4DF615560C71}.Release|x64.Build.0 = Release|x64
		{34545473-46B9-42A8-A54E-575BED25C115}.Debug|Win32.ActiveCfg = Debug|Win32
		{34545473-46B9-42A8-A54E-575BED25C115}.Debug|Win32.Build.0 = Debug|Win32
		{34545473-46B9-42A8-A54E-575BED25C115}.Debug|x64.ActiveCfg = Debug|x64
		{34545473-46B9-42A8-A54E-575BED25C115}.Debug|x64.Build.0 = Debug|x64
		{34545473-46B9-42A8-A54E-575BED25C115}.Release|Win32.ActiveCfg = Release|Win32
		{34545473-46B9-42A8-A54E-575BED25C115}.Release|Win32.Build.0 = Release|Win32
		{34545473-46B9-42A8-A54E-575BED25C115}.Release|x64.ActiveCfg = Release|x64
		{34545473-46B9-42A8-A54E-575BED25C115}.Release|x64.Build.0 = Release|x64
		{093F1E96-AC73-4994-82D7-11E40892278C}.Debug|Win32.ActiveCfg = Debug|Win32
		{093F1E96-AC73-4994-82D7-11E40892278C}.Debug|Win32.Build.0 = Debug|Win32
		{093F1E96-AC73-4994-82D7-11E40892278C}.Debug|x64.ActiveCfg = Debug|x64
		{093F1E96-AC73-4994-82D7-11E40892278C}.Debug|x64.Build.0 = Debug|x64
		{093F1E96-AC73-4994-82D7-11E40892278C}.Release|Win32.ActiveCfg = Release|Win32
		{093F1E96-AC73-4994-82D7-11E40892278C}.Release|Win32.Build.0 = Release|Win32
		{093F1E96-AC73-4994-82D7-11E40892278C}.Release|x64.ActiveCfg = Release|x64
		{093F1E96-AC73-4994-82D7-11E40892278C}.Release|x64.Build.0 = Release|x64
		{4855D437-F2FE-433E-BA9F-59CDDFFC06CE}.Debug|Win32.ActiveCfg = Debug|Win32
		{4855D437-F2FE-433E-BA9F-59CDDFFC06CE}.Debug|Win32.Build.0 = Debug|Win32
		{4855D437-F2FE-433E-BA9F-59CDDFFC06CE}.Debug|x64.ActiveCfg = Debug|x64
		{4855D437-F2FE-433E-BA9F-59CDDFFC06CE}.Debug|x64.Build.0 = Debug|x64
		{4855D437-F2FE-433E-BA9F-59CDDFFC06CE}.Release|Win32.ActiveCfg = Release|Win32
		{4855D437-F2FE-433E-BA9F-59CDDFFC06CE}.Release|Win32.Build.0 = Release|Win32
		{4855D437-F2FE-433E-BA9F-59CDDFFC06CE}.Release|x64.ActiveCfg = Release|x64
		{4855D437-F2FE-433E-BA9F-59CDDFFC06CE}.Release|x64.Build.0 = Release|x64
		{D4CEBF70-2357-4DDF-95AF-40934C4208D7}.Debug|Win32.ActiveCfg = Debug|Win32
		{D4CEBF70-2357-4DDF-95AF-40934C4208D7}.Debug|Win32.Build.0 = Debug|Win32
		{D4CEBF70-2357-4DDF-95AF-40934C4208D7}.Debug|x64.ActiveCfg = Debug|x64
		{D4CEBF70-2357-4DDF-95AF-40934C4208D7}.Debug|x64.Build.0 = Debug|x64
		{D4CEBF70-2357-4DDF-95AF-40934C4208D7}.Release|Win32.ActiveCfg = Release|Win32
		{D4CEBF70-2357-4DDF-95AF-40934C4208D7}.Release|Win32.Build.0 = Release|Win32
		{D4CEBF70-2357-4DDF-95AF-40934C4208D7}.Release|x64.ActiveCfg = Release|x64
		{D4CEBF70-2357-4DDF-95AF-40934C4208D7}.Release|x64.Build.0 = Release|x64
		{9EA856CC-AC03-469B-AED1-77ACCD2A5F53}.Debug|Win32.ActiveCfg = Debug|Win32
		{9EA856CC-AC03-469B-AED1-77ACCD2A5F53}.Debug|Win32.Build.0 = Debug|Win32
		{9EA856CC-AC03-469B-AED1-77ACCD2A5F53}.Debug|x64.ActiveCfg = Debug|x64
		{9EA856CC-AC03-469B-AED1-77ACCD2A5F53}.Debug|x64.Build.0 = Debug|x64
		{9EA856CC-AC03-469B-AED1-77ACCD2A5F53}.Release|Win32.ActiveCfg = Release|Win32
		{9EA856CC-AC03-469B-AED1-77ACCD2A5F53}.Release|Win32.Build.0 = Release|Win32
		{9EA856CC-AC03-469B-AED1-77ACCD2A5F53}.Release|x64.ActiveCfg = Release|x64
		{9EA856CC-AC03-469B-AED1-77ACCD2A5F53}.Release|x64.Build.0 = Release|x64
	EndGlobalSection
	GlobalSection(SolutionProperties) = preSolution
		HideSolutionNode = FALSE
	EndGlobalSection
EndGlobal
